// !$*UTF8*$!
{
	archiveVersion = 1;
	classes = {
	};
	objectVersion = 48;
	objects = {

/* Begin PBXBuildFile section */
		2AC04F661FD77D52001FB213 /* AppDelegate.swift in Sources */ = {isa = PBXBuildFile; fileRef = 2AC04F651FD77D52001FB213 /* AppDelegate.swift */; };
		2AC04F681FD77D52001FB213 /* ViewController.swift in Sources */ = {isa = PBXBuildFile; fileRef = 2AC04F671FD77D52001FB213 /* ViewController.swift */; };
		2AC04F6B1FD77D52001FB213 /* Main.storyboard in Resources */ = {isa = PBXBuildFile; fileRef = 2AC04F691FD77D52001FB213 /* Main.storyboard */; };
		2AC04F6D1FD77D52001FB213 /* Assets.xcassets in Resources */ = {isa = PBXBuildFile; fileRef = 2AC04F6C1FD77D52001FB213 /* Assets.xcassets */; };
		2AC04F701FD77D52001FB213 /* LaunchScreen.storyboard in Resources */ = {isa = PBXBuildFile; fileRef = 2AC04F6E1FD77D52001FB213 /* LaunchScreen.storyboard */; };
		2AC04F7B1FD77D52001FB213 /* HBCAAnimatorTests.swift in Sources */ = {isa = PBXBuildFile; fileRef = 2AC04F7A1FD77D52001FB213 /* HBCAAnimatorTests.swift */; };
		2AC04F861FD77D52001FB213 /* HBCAAnimatorUITests.swift in Sources */ = {isa = PBXBuildFile; fileRef = 2AC04F851FD77D52001FB213 /* HBCAAnimatorUITests.swift */; };
		2AC838B11FDE73690088E154 /* HBCAManager.swift in Sources */ = {isa = PBXBuildFile; fileRef = 2AC838B01FDE73690088E154 /* HBCAManager.swift */; };
		2AC838B31FDE74A70088E154 /* HBCAShowCell.swift in Sources */ = {isa = PBXBuildFile; fileRef = 2AC838B21FDE74A70088E154 /* HBCAShowCell.swift */; };
/* End PBXBuildFile section */

/* Begin PBXContainerItemProxy section */
		2AC04F771FD77D52001FB213 /* PBXContainerItemProxy */ = {
			isa = PBXContainerItemProxy;
			containerPortal = 2AC04F5A1FD77D52001FB213 /* Project object */;
			proxyType = 1;
			remoteGlobalIDString = 2AC04F611FD77D52001FB213;
			remoteInfo = HBCAAnimator;
		};
		2AC04F821FD77D52001FB213 /* PBXContainerItemProxy */ = {
			isa = PBXContainerItemProxy;
			containerPortal = 2AC04F5A1FD77D52001FB213 /* Project object */;
			proxyType = 1;
			remoteGlobalIDString = 2AC04F611FD77D52001FB213;
			remoteInfo = HBCAAnimator;
		};
/* End PBXContainerItemProxy section */

/* Begin PBXFileReference section */
		2AC04F621FD77D52001FB213 /* HBCAAnimator.app */ = {isa = PBXFileReference; explicitFileType = wrapper.application; includeInIndex = 0; path = HBCAAnimator.app; sourceTree = BUILT_PRODUCTS_DIR; };
		2AC04F651FD77D52001FB213 /* AppDelegate.swift */ = {isa = PBXFileReference; lastKnownFileType = sourcecode.swift; path = AppDelegate.swift; sourceTree = "<group>"; };
		2AC04F671FD77D52001FB213 /* ViewController.swift */ = {isa = PBXFileReference; lastKnownFileType = sourcecode.swift; path = ViewController.swift; sourceTree = "<group>"; };
		2AC04F6A1FD77D52001FB213 /* Base */ = {isa = PBXFileReference; lastKnownFileType = file.storyboard; name = Base; path = Base.lproj/Main.storyboard; sourceTree = "<group>"; };
		2AC04F6C1FD77D52001FB213 /* Assets.xcassets */ = {isa = PBXFileReference; lastKnownFileType = folder.assetcatalog; path = Assets.xcassets; sourceTree = "<group>"; };
		2AC04F6F1FD77D52001FB213 /* Base */ = {isa = PBXFileReference; lastKnownFileType = file.storyboard; name = Base; path = Base.lproj/LaunchScreen.storyboard; sourceTree = "<group>"; };
		2AC04F711FD77D52001FB213 /* Info.plist */ = {isa = PBXFileReference; lastKnownFileType = text.plist.xml; path = Info.plist; sourceTree = "<group>"; };
		2AC04F761FD77D52001FB213 /* HBCAAnimatorTests.xctest */ = {isa = PBXFileReference; explicitFileType = wrapper.cfbundle; includeInIndex = 0; path = HBCAAnimatorTests.xctest; sourceTree = BUILT_PRODUCTS_DIR; };
		2AC04F7A1FD77D52001FB213 /* HBCAAnimatorTests.swift */ = {isa = PBXFileReference; lastKnownFileType = sourcecode.swift; path = HBCAAnimatorTests.swift; sourceTree = "<group>"; };
		2AC04F7C1FD77D52001FB213 /* Info.plist */ = {isa = PBXFileReference; lastKnownFileType = text.plist.xml; path = Info.plist; sourceTree = "<group>"; };
		2AC04F811FD77D52001FB213 /* HBCAAnimatorUITests.xctest */ = {isa = PBXFileReference; explicitFileType = wrapper.cfbundle; includeInIndex = 0; path = HBCAAnimatorUITests.xctest; sourceTree = BUILT_PRODUCTS_DIR; };
		2AC04F851FD77D52001FB213 /* HBCAAnimatorUITests.swift */ = {isa = PBXFileReference; lastKnownFileType = sourcecode.swift; path = HBCAAnimatorUITests.swift; sourceTree = "<group>"; };
		2AC04F871FD77D52001FB213 /* Info.plist */ = {isa = PBXFileReference; lastKnownFileType = text.plist.xml; path = Info.plist; sourceTree = "<group>"; };
		2AC838B01FDE73690088E154 /* HBCAManager.swift */ = {isa = PBXFileReference; lastKnownFileType = sourcecode.swift; path = HBCAManager.swift; sourceTree = "<group>"; };
		2AC838B21FDE74A70088E154 /* HBCAShowCell.swift */ = {isa = PBXFileReference; lastKnownFileType = sourcecode.swift; path = HBCAShowCell.swift; sourceTree = "<group>"; };
/* End PBXFileReference section */

/* Begin PBXFrameworksBuildPhase section */
		2AC04F5F1FD77D52001FB213 /* Frameworks */ = {
			isa = PBXFrameworksBuildPhase;
			buildActionMask = 2147483647;
			files = (
			);
			runOnlyForDeploymentPostprocessing = 0;
		};
		2AC04F731FD77D52001FB213 /* Frameworks */ = {
			isa = PBXFrameworksBuildPhase;
			buildActionMask = 2147483647;
			files = (
			);
			runOnlyForDeploymentPostprocessing = 0;
		};
		2AC04F7E1FD77D52001FB213 /* Frameworks */ = {
			isa = PBXFrameworksBuildPhase;
			buildActionMask = 2147483647;
			files = (
			);
			runOnlyForDeploymentPostprocessing = 0;
		};
/* End PBXFrameworksBuildPhase section */

/* Begin PBXGroup section */
		2AC04F591FD77D52001FB213 = {
			isa = PBXGroup;
			children = (
				2AC04F641FD77D52001FB213 /* HBCAAnimator */,
				2AC04F791FD77D52001FB213 /* HBCAAnimatorTests */,
				2AC04F841FD77D52001FB213 /* HBCAAnimatorUITests */,
				2AC04F631FD77D52001FB213 /* Products */,
			);
			sourceTree = "<group>";
		};
		2AC04F631FD77D52001FB213 /* Products */ = {
			isa = PBXGroup;
			children = (
				2AC04F621FD77D52001FB213 /* HBCAAnimator.app */,
				2AC04F761FD77D52001FB213 /* HBCAAnimatorTests.xctest */,
				2AC04F811FD77D52001FB213 /* HBCAAnimatorUITests.xctest */,
			);
			name = Products;
			sourceTree = "<group>";
		};
		2AC04F641FD77D52001FB213 /* HBCAAnimator */ = {
			isa = PBXGroup;
			children = (
				2AC04F651FD77D52001FB213 /* AppDelegate.swift */,
				2AC04F671FD77D52001FB213 /* ViewController.swift */,
				2AC838B01FDE73690088E154 /* HBCAManager.swift */,
				2AC838B21FDE74A70088E154 /* HBCAShowCell.swift */,
				2AC04F691FD77D52001FB213 /* Main.storyboard */,
				2AC04F6C1FD77D52001FB213 /* Assets.xcassets */,
				2AC04F6E1FD77D52001FB213 /* LaunchScreen.storyboard */,
				2AC04F711FD77D52001FB213 /* Info.plist */,
			);
			path = HBCAAnimator;
			sourceTree = "<group>";
		};
		2AC04F791FD77D52001FB213 /* HBCAAnimatorTests */ = {
			isa = PBXGroup;
			children = (
				2AC04F7A1FD77D52001FB213 /* HBCAAnimatorTests.swift */,
				2AC04F7C1FD77D52001FB213 /* Info.plist */,
			);
			path = HBCAAnimatorTests;
			sourceTree = "<group>";
		};
		2AC04F841FD77D52001FB213 /* HBCAAnimatorUITests */ = {
			isa = PBXGroup;
			children = (
				2AC04F851FD77D52001FB213 /* HBCAAnimatorUITests.swift */,
				2AC04F871FD77D52001FB213 /* Info.plist */,
			);
			path = HBCAAnimatorUITests;
			sourceTree = "<group>";
		};
/* End PBXGroup section */

/* Begin PBXNativeTarget section */
		2AC04F611FD77D52001FB213 /* HBCAAnimator */ = {
			isa = PBXNativeTarget;
			buildConfigurationList = 2AC04F8A1FD77D52001FB213 /* Build configuration list for PBXNativeTarget "HBCAAnimator" */;
			buildPhases = (
				2AC04F5E1FD77D52001FB213 /* Sources */,
				2AC04F5F1FD77D52001FB213 /* Frameworks */,
				2AC04F601FD77D52001FB213 /* Resources */,
			);
			buildRules = (
			);
			dependencies = (
			);
			name = HBCAAnimator;
			productName = HBCAAnimator;
			productReference = 2AC04F621FD77D52001FB213 /* HBCAAnimator.app */;
			productType = "com.apple.product-type.application";
		};
		2AC04F751FD77D52001FB213 /* HBCAAnimatorTests */ = {
			isa = PBXNativeTarget;
			buildConfigurationList = 2AC04F8D1FD77D52001FB213 /* Build configuration list for PBXNativeTarget "HBCAAnimatorTests" */;
			buildPhases = (
				2AC04F721FD77D52001FB213 /* Sources */,
				2AC04F731FD77D52001FB213 /* Frameworks */,
				2AC04F741FD77D52001FB213 /* Resources */,
			);
			buildRules = (
			);
			dependencies = (
				2AC04F781FD77D52001FB213 /* PBXTargetDependency */,
			);
			name = HBCAAnimatorTests;
			productName = HBCAAnimatorTests;
			productReference = 2AC04F761FD77D52001FB213 /* HBCAAnimatorTests.xctest */;
			productType = "com.apple.product-type.bundle.unit-test";
		};
		2AC04F801FD77D52001FB213 /* HBCAAnimatorUITests */ = {
			isa = PBXNativeTarget;
			buildConfigurationList = 2AC04F901FD77D52001FB213 /* Build configuration list for PBXNativeTarget "HBCAAnimatorUITests" */;
			buildPhases = (
				2AC04F7D1FD77D52001FB213 /* Sources */,
				2AC04F7E1FD77D52001FB213 /* Frameworks */,
				2AC04F7F1FD77D52001FB213 /* Resources */,
			);
			buildRules = (
			);
			dependencies = (
				2AC04F831FD77D52001FB213 /* PBXTargetDependency */,
			);
			name = HBCAAnimatorUITests;
			productName = HBCAAnimatorUITests;
			productReference = 2AC04F811FD77D52001FB213 /* HBCAAnimatorUITests.xctest */;
			productType = "com.apple.product-type.bundle.ui-testing";
		};
/* End PBXNativeTarget section */

/* Begin PBXProject section */
		2AC04F5A1FD77D52001FB213 /* Project object */ = {
			isa = PBXProject;
			attributes = {
				LastSwiftUpdateCheck = 0920;
				LastUpgradeCheck = 0920;
				ORGANIZATIONNAME = apple;
				TargetAttributes = {
					2AC04F611FD77D52001FB213 = {
						CreatedOnToolsVersion = 9.2;
						ProvisioningStyle = Automatic;
					};
					2AC04F751FD77D52001FB213 = {
						CreatedOnToolsVersion = 9.2;
						ProvisioningStyle = Automatic;
						TestTargetID = 2AC04F611FD77D52001FB213;
					};
					2AC04F801FD77D52001FB213 = {
						CreatedOnToolsVersion = 9.2;
						ProvisioningStyle = Automatic;
						TestTargetID = 2AC04F611FD77D52001FB213;
					};
				};
			};
			buildConfigurationList = 2AC04F5D1FD77D52001FB213 /* Build configuration list for PBXProject "HBCAAnimator" */;
			compatibilityVersion = "Xcode 8.0";
			developmentRegion = en;
			hasScannedForEncodings = 0;
			knownRegions = (
				en,
				Base,
			);
			mainGroup = 2AC04F591FD77D52001FB213;
			productRefGroup = 2AC04F631FD77D52001FB213 /* Products */;
			projectDirPath = "";
			projectRoot = "";
			targets = (
				2AC04F611FD77D52001FB213 /* HBCAAnimator */,
				2AC04F751FD77D52001FB213 /* HBCAAnimatorTests */,
				2AC04F801FD77D52001FB213 /* HBCAAnimatorUITests */,
			);
		};
/* End PBXProject section */

/* Begin PBXResourcesBuildPhase section */
		2AC04F601FD77D52001FB213 /* Resources */ = {
			isa = PBXResourcesBuildPhase;
			buildActionMask = 2147483647;
			files = (
				2AC04F701FD77D52001FB213 /* LaunchScreen.storyboard in Resources */,
				2AC04F6D1FD77D52001FB213 /* Assets.xcassets in Resources */,
				2AC04F6B1FD77D52001FB213 /* Main.storyboard in Resources */,
			);
			runOnlyForDeploymentPostprocessing = 0;
		};
		2AC04F741FD77D52001FB213 /* Resources */ = {
			isa = PBXResourcesBuildPhase;
			buildActionMask = 2147483647;
			files = (
			);
			runOnlyForDeploymentPostprocessing = 0;
		};
		2AC04F7F1FD77D52001FB213 /* Resources */ = {
			isa = PBXResourcesBuildPhase;
			buildActionMask = 2147483647;
			files = (
			);
			runOnlyForDeploymentPostprocessing = 0;
		};
/* End PBXResourcesBuildPhase section */

/* Begin PBXSourcesBuildPhase section */
		2AC04F5E1FD77D52001FB213 /* Sources */ = {
			isa = PBXSourcesBuildPhase;
			buildActionMask = 2147483647;
			files = (
				2AC838B31FDE74A70088E154 /* HBCAShowCell.swift in Sources */,
				2AC838B11FDE73690088E154 /* HBCAManager.swift in Sources */,
				2AC04F681FD77D52001FB213 /* ViewController.swift in Sources */,
				2AC04F661FD77D52001FB213 /* AppDelegate.swift in Sources */,
			);
			runOnlyForDeploymentPostprocessing = 0;
		};
		2AC04F721FD77D52001FB213 /* Sources */ = {
			isa = PBXSourcesBuildPhase;
			buildActionMask = 2147483647;
			files = (
				2AC04F7B1FD77D52001FB213 /* HBCAAnimatorTests.swift in Sources */,
			);
			runOnlyForDeploymentPostprocessing = 0;
		};
		2AC04F7D1FD77D52001FB213 /* Sources */ = {
			isa = PBXSourcesBuildPhase;
			buildActionMask = 2147483647;
			files = (
				2AC04F861FD77D52001FB213 /* HBCAAnimatorUITests.swift in Sources */,
			);
			runOnlyForDeploymentPostprocessing = 0;
		};
/* End PBXSourcesBuildPhase section */

/* Begin PBXTargetDependency section */
		2AC04F781FD77D52001FB213 /* PBXTargetDependency */ = {
			isa = PBXTargetDependency;
			target = 2AC04F611FD77D52001FB213 /* HBCAAnimator */;
			targetProxy = 2AC04F771FD77D52001FB213 /* PBXContainerItemProxy */;
		};
		2AC04F831FD77D52001FB213 /* PBXTargetDependency */ = {
			isa = PBXTargetDependency;
			target = 2AC04F611FD77D52001FB213 /* HBCAAnimator */;
			targetProxy = 2AC04F821FD77D52001FB213 /* PBXContainerItemProxy */;
		};
/* End PBXTargetDependency section */

/* Begin PBXVariantGroup section */
		2AC04F691FD77D52001FB213 /* Main.storyboard */ = {
			isa = PBXVariantGroup;
			children = (
				2AC04F6A1FD77D52001FB213 /* Base */,
			);
			name = Main.storyboard;
			sourceTree = "<group>";
		};
		2AC04F6E1FD77D52001FB213 /* LaunchScreen.storyboard */ = {
			isa = PBXVariantGroup;
			children = (
				2AC04F6F1FD77D52001FB213 /* Base */,
			);
			name = LaunchScreen.storyboard;
			sourceTree = "<group>";
		};
/* End PBXVariantGroup section */

/* Begin XCBuildConfiguration section */
		2AC04F881FD77D52001FB213 /* Debug */ = {
			isa = XCBuildConfiguration;
			buildSettings = {
				ALWAYS_SEARCH_USER_PATHS = NO;
				CLANG_ANALYZER_NONNULL = YES;
				CLANG_ANALYZER_NUMBER_OBJECT_CONVERSION = YES_AGGRESSIVE;
				CLANG_CXX_LANGUAGE_STANDARD = "gnu++14";
				CLANG_CXX_LIBRARY = "libc++";
				CLANG_ENABLE_MODULES = YES;
				CLANG_ENABLE_OBJC_ARC = YES;
				CLANG_WARN_BLOCK_CAPTURE_AUTORELEASING = YES;
				CLANG_WARN_BOOL_CONVERSION = YES;
				CLANG_WARN_COMMA = YES;
				CLANG_WARN_CONSTANT_CONVERSION = YES;
				CLANG_WARN_DIRECT_OBJC_ISA_USAGE = YES_ERROR;
				CLANG_WARN_DOCUMENTATION_COMMENTS = YES;
				CLANG_WARN_EMPTY_BODY = YES;
				CLANG_WARN_ENUM_CONVERSION = YES;
				CLANG_WARN_INFINITE_RECURSION = YES;
				CLANG_WARN_INT_CONVERSION = YES;
				CLANG_WARN_NON_LITERAL_NULL_CONVERSION = YES;
				CLANG_WARN_OBJC_LITERAL_CONVERSION = YES;
				CLANG_WARN_OBJC_ROOT_CLASS = YES_ERROR;
				CLANG_WARN_RANGE_LOOP_ANALYSIS = YES;
				CLANG_WARN_STRICT_PROTOTYPES = YES;
				CLANG_WARN_SUSPICIOUS_MOVE = YES;
				CLANG_WARN_UNGUARDED_AVAILABILITY = YES_AGGRESSIVE;
				CLANG_WARN_UNREACHABLE_CODE = YES;
				CLANG_WARN__DUPLICATE_METHOD_MATCH = YES;
				CODE_SIGN_IDENTITY = "iPhone Developer";
				COPY_PHASE_STRIP = NO;
				DEBUG_INFORMATION_FORMAT = dwarf;
				ENABLE_STRICT_OBJC_MSGSEND = YES;
				ENABLE_TESTABILITY = YES;
				GCC_C_LANGUAGE_STANDARD = gnu11;
				GCC_DYNAMIC_NO_PIC = NO;
				GCC_NO_COMMON_BLOCKS = YES;
				GCC_OPTIMIZATION_LEVEL = 0;
				GCC_PREPROCESSOR_DEFINITIONS = (
					"DEBUG=1",
					"$(inherited)",
				);
				GCC_WARN_64_TO_32_BIT_CONVERSION = YES;
				GCC_WARN_ABOUT_RETURN_TYPE = YES_ERROR;
				GCC_WARN_UNDECLARED_SELECTOR = YES;
				GCC_WARN_UNINITIALIZED_AUTOS = YES_AGGRESSIVE;
				GCC_WARN_UNUSED_FUNCTION = YES;
				GCC_WARN_UNUSED_VARIABLE = YES;
				IPHONEOS_DEPLOYMENT_TARGET = 9.0;
				MTL_ENABLE_DEBUG_INFO = YES;
				ONLY_ACTIVE_ARCH = YES;
				SDKROOT = iphoneos;
				SWIFT_ACTIVE_COMPILATION_CONDITIONS = DEBUG;
				SWIFT_OPTIMIZATION_LEVEL = "-Onone";
			};
			name = Debug;
		};
		2AC04F891FD77D52001FB213 /* Release */ = {
			isa = XCBuildConfiguration;
			buildSettings = {
				ALWAYS_SEARCH_USER_PATHS = NO;
				CLANG_ANALYZER_NONNULL = YES;
				CLANG_ANALYZER_NUMBER_OBJECT_CONVERSION = YES_AGGRESSIVE;
				CLANG_CXX_LANGUAGE_STANDARD = "gnu++14";
				CLANG_CXX_LIBRARY = "libc++";
				CLANG_ENABLE_MODULES = YES;
				CLANG_ENABLE_OBJC_ARC = YES;
				CLANG_WARN_BLOCK_CAPTURE_AUTORELEASING = YES;
				CLANG_WARN_BOOL_CONVERSION = YES;
				CLANG_WARN_COMMA = YES;
				CLANG_WARN_CONSTANT_CONVERSION = YES;
				CLANG_WARN_DIRECT_OBJC_ISA_USAGE = YES_ERROR;
				CLANG_WARN_DOCUMENTATION_COMMENTS = YES;
				CLANG_WARN_EMPTY_BODY = YES;
				CLANG_WARN_ENUM_CONVERSION = YES;
				CLANG_WARN_INFINITE_RECURSION = YES;
				CLANG_WARN_INT_CONVERSION = YES;
				CLANG_WARN_NON_LITERAL_NULL_CONVERSION = YES;
				CLANG_WARN_OBJC_LITERAL_CONVERSION = YES;
				CLANG_WARN_OBJC_ROOT_CLASS = YES_ERROR;
				CLANG_WARN_RANGE_LOOP_ANALYSIS = YES;
				CLANG_WARN_STRICT_PROTOTYPES = YES;
				CLANG_WARN_SUSPICIOUS_MOVE = YES;
				CLANG_WARN_UNGUARDED_AVAILABILITY = YES_AGGRESSIVE;
				CLANG_WARN_UNREACHABLE_CODE = YES;
				CLANG_WARN__DUPLICATE_METHOD_MATCH = YES;
				CODE_SIGN_IDENTITY = "iPhone Developer";
				COPY_PHASE_STRIP = NO;
				DEBUG_INFORMATION_FORMAT = "dwarf-with-dsym";
				ENABLE_NS_ASSERTIONS = NO;
				ENABLE_STRICT_OBJC_MSGSEND = YES;
				GCC_C_LANGUAGE_STANDARD = gnu11;
				GCC_NO_COMMON_BLOCKS = YES;
				GCC_WARN_64_TO_32_BIT_CONVERSION = YES;
				GCC_WARN_ABOUT_RETURN_TYPE = YES_ERROR;
				GCC_WARN_UNDECLARED_SELECTOR = YES;
				GCC_WARN_UNINITIALIZED_AUTOS = YES_AGGRESSIVE;
				GCC_WARN_UNUSED_FUNCTION = YES;
				GCC_WARN_UNUSED_VARIABLE = YES;
				IPHONEOS_DEPLOYMENT_TARGET = 9.0;
				MTL_ENABLE_DEBUG_INFO = NO;
				SDKROOT = iphoneos;
				SWIFT_OPTIMIZATION_LEVEL = "-Owholemodule";
				VALIDATE_PRODUCT = YES;
			};
			name = Release;
		};
		2AC04F8B1FD77D52001FB213 /* Debug */ = {
			isa = XCBuildConfiguration;
			buildSettings = {
				ASSETCATALOG_COMPILER_APPICON_NAME = AppIcon;
				CODE_SIGN_STYLE = Automatic;
				DEVELOPMENT_TEAM = AUU237XZLK;
				INFOPLIST_FILE = HBCAAnimator/Info.plist;
				IPHONEOS_DEPLOYMENT_TARGET = 9.0;
				LD_RUNPATH_SEARCH_PATHS = "$(inherited) @executable_path/Frameworks";
				PRODUCT_BUNDLE_IDENTIFIER = com.spark.JB.HBCAAnimator;
				PRODUCT_NAME = "$(TARGET_NAME)";
				SWIFT_VERSION = 4.0;
				TARGETED_DEVICE_FAMILY = "1,2";
			};
			name = Debug;
		};
		2AC04F8C1FD77D52001FB213 /* Release */ = {
			isa = XCBuildConfiguration;
			buildSettings = {
				ASSETCATALOG_COMPILER_APPICON_NAME = AppIcon;
				CODE_SIGN_STYLE = Automatic;
				DEVELOPMENT_TEAM = AUU237XZLK;
				INFOPLIST_FILE = HBCAAnimator/Info.plist;
				IPHONEOS_DEPLOYMENT_TARGET = 9.0;
				LD_RUNPATH_SEARCH_PATHS = "$(inherited) @executable_path/Frameworks";
				PRODUCT_BUNDLE_IDENTIFIER = com.spark.JB.HBCAAnimator;
				PRODUCT_NAME = "$(TARGET_NAME)";
				SWIFT_VERSION = 4.0;
				TARGETED_DEVICE_FAMILY = "1,2";
			};
			name = Release;
		};
		2AC04F8E1FD77D52001FB213 /* Debug */ = {
			isa = XCBuildConfiguration;
			buildSettings = {
				ALWAYS_EMBED_SWIFT_STANDARD_LIBRARIES = YES;
				BUNDLE_LOADER = "$(TEST_HOST)";
				CODE_SIGN_STYLE = Automatic;
				DEVELOPMENT_TEAM = AUU237XZLK;
				INFOPLIST_FILE = HBCAAnimatorTests/Info.plist;
				LD_RUNPATH_SEARCH_PATHS = "$(inherited) @executable_path/Frameworks @loader_path/Frameworks";
				PRODUCT_BUNDLE_IDENTIFIER = com.spark.JB.HBCAAnimatorTests;
				PRODUCT_NAME = "$(TARGET_NAME)";
				SWIFT_VERSION = 4.0;
				TARGETED_DEVICE_FAMILY = "1,2";
				TEST_HOST = "$(BUILT_PRODUCTS_DIR)/HBCAAnimator.app/HBCAAnimator";
			};
			name = Debug;
		};
		2AC04F8F1FD77D52001FB213 /* Release */ = {
			isa = XCBuildConfiguration;
			buildSettings = {
				ALWAYS_EMBED_SWIFT_STANDARD_LIBRARIES = YES;
				BUNDLE_LOADER = "$(TEST_HOST)";
				CODE_SIGN_STYLE = Automatic;
				DEVELOPMENT_TEAM = AUU237XZLK;
				INFOPLIST_FILE = HBCAAnimatorTests/Info.plist;
				LD_RUNPATH_SEARCH_PATHS = "$(inherited) @executable_path/Frameworks @loader_path/Frameworks";
				PRODUCT_BUNDLE_IDENTIFIER = com.spark.JB.HBCAAnimatorTests;
				PRODUCT_NAME = "$(TARGET_NAME)";
				SWIFT_VERSION = 4.0;
				TARGETED_DEVICE_FAMILY = "1,2";
				TEST_HOST = "$(BUILT_PRODUCTS_DIR)/HBCAAnimator.app/HBCAAnimator";
			};
			name = Release;
		};
		2AC04F911FD77D52001FB213 /* Debug */ = {
			isa = XCBuildConfiguration;
			buildSettings = {
				ALWAYS_EMBED_SWIFT_STANDARD_LIBRARIES = YES;
				CODE_SIGN_STYLE = Automatic;
				DEVELOPMENT_TEAM = AUU237XZLK;
				INFOPLIST_FILE = HBCAAnimatorUITests/Info.plist;
				LD_RUNPATH_SEARCH_PATHS = "$(inherited) @executable_path/Frameworks @loader_path/Frameworks";
				PRODUCT_BUNDLE_IDENTIFIER = com.spark.JB.HBCAAnimatorUITests;
				PRODUCT_NAME = "$(TARGET_NAME)";
				SWIFT_VERSION = 4.0;
				TARGETED_DEVICE_FAMILY = "1,2";
				TEST_TARGET_NAME = HBCAAnimator;
			};
			name = Debug;
		};
		2AC04F921FD77D52001FB213 /* Release */ = {
			isa = XCBuildConfiguration;
			buildSettings = {
				ALWAYS_EMBED_SWIFT_STANDARD_LIBRARIES = YES;
				CODE_SIGN_STYLE = Automatic;
				DEVELOPMENT_TEAM = AUU237XZLK;
				INFOPLIST_FILE = HBCAAnimatorUITests/Info.plist;
				LD_RUNPATH_SEARCH_PATHS = "$(inherited) @executable_path/Frameworks @loader_path/Frameworks";
				PRODUCT_BUNDLE_IDENTIFIER = com.spark.JB.HBCAAnimatorUITests;
				PRODUCT_NAME = "$(TARGET_NAME)";
				SWIFT_VERSION = 4.0;
				TARGETED_DEVICE_FAMILY = "1,2";
				TEST_TARGET_NAME = HBCAAnimator;
			};
			name = Release;
		};
/* End XCBuildConfiguration section */

/* Begin XCConfigurationList section */
		2AC04F5D1FD77D52001FB213 /* Build configuration list for PBXProject "HBCAAnimator" */ = {
			isa = XCConfigurationList;
			buildConfigurations = (
				2AC04F881FD77D52001FB213 /* Debug */,
				2AC04F891FD77D52001FB213 /* Release */,
			);
			defaultConfigurationIsVisible = 0;
			defaultConfigurationName = Release;
		};
		2AC04F8A1FD77D52001FB213 /* Build configuration list for PBXNativeTarget "HBCAAnimator" */ = {
			isa = XCConfigurationList;
			buildConfigurations = (
				2AC04F8B1FD77D52001FB213 /* Debug */,
				2AC04F8C1FD77D52001FB213 /* Release */,
			);
			defaultConfigurationIsVisible = 0;
			defaultConfigurationName = Release;
		};
		2AC04F8D1FD77D52001FB213 /* Build configuration list for PBXNativeTarget "HBCAAnimatorTests" */ = {
			isa = XCConfigurationList;
			buildConfigurations = (
				2AC04F8E1FD77D52001FB213 /* Debug */,
				2AC04F8F1FD77D52001FB213 /* Release */,
			);
			defaultConfigurationIsVisible = 0;
			defaultConfigurationName = Release;
		};
		2AC04F901FD77D52001FB213 /* Build configuration list for PBXNativeTarget "HBCAAnimatorUITests" */ = {
			isa = XCConfigurationList;
			buildConfigurations = (
				2AC04F911FD77D52001FB213 /* Debug */,
				2AC04F921FD77D52001FB213 /* Release */,
			);
			defaultConfigurationIsVisible = 0;
			defaultConfigurationName = Release;
		};
/* End XCConfigurationList section */
	};
	rootObject = 2AC04F5A1FD77D52001FB213 /* Project object */;
}
